// !$*UTF8*$!
{
	archiveVersion = 1;
	classes = {
	};
	objectVersion = 56;
	objects = {

/* Begin PBXBuildFile section */
		D30D49712AB41E4300900B26 /* MainView.swift in Sources */ = {isa = PBXBuildFile; fileRef = D30D49702AB41E4300900B26 /* MainView.swift */; };
		D30D49732AB41EB000900B26 /* CategoriesView.swift in Sources */ = {isa = PBXBuildFile; fileRef = D30D49722AB41EB000900B26 /* CategoriesView.swift */; };
		D319054C2AA8C7D600953FCC /* ProfileView.swift in Sources */ = {isa = PBXBuildFile; fileRef = D319054B2AA8C7D600953FCC /* ProfileView.swift */; };
		D31905512AA8D41A00953FCC /* FirebaseAuth in Frameworks */ = {isa = PBXBuildFile; productRef = D31905502AA8D41A00953FCC /* FirebaseAuth */; };
		D31905532AA8D41A00953FCC /* FirebaseFirestore in Frameworks */ = {isa = PBXBuildFile; productRef = D31905522AA8D41A00953FCC /* FirebaseFirestore */; };
		D31905552AA8D41A00953FCC /* FirebaseFirestoreSwift in Frameworks */ = {isa = PBXBuildFile; productRef = D31905542AA8D41A00953FCC /* FirebaseFirestoreSwift */; };
		D31905572AA8D41A00953FCC /* FirebaseStorage in Frameworks */ = {isa = PBXBuildFile; productRef = D31905562AA8D41A00953FCC /* FirebaseStorage */; };
		D3333B1E2ABFEED100187485 /* ExpenseView.swift in Sources */ = {isa = PBXBuildFile; fileRef = D3333B1D2ABFEED100187485 /* ExpenseView.swift */; };
		D3333B202ABFEEE700187485 /* expsense.swift in Sources */ = {isa = PBXBuildFile; fileRef = D3333B1F2ABFEEE700187485 /* expsense.swift */; };
		D3333B242AC0378000187485 /* ExpenseData.swift in Sources */ = {isa = PBXBuildFile; fileRef = D3333B232AC0378000187485 /* ExpenseData.swift */; };
		D34A3E052ABEA5FA00F4F17B /* UserProfileView.swift in Sources */ = {isa = PBXBuildFile; fileRef = D34A3E042ABEA5FA00F4F17B /* UserProfileView.swift */; };
		D34BE4B32AB6A9E5005592DD /* TransactionViewModel.swift in Sources */ = {isa = PBXBuildFile; fileRef = D34BE4B22AB6A9E5005592DD /* TransactionViewModel.swift */; };
		D34BE4B92AB6E834005592DD /* alert.swift in Sources */ = {isa = PBXBuildFile; fileRef = D34BE4B82AB6E834005592DD /* alert.swift */; };
		D35325132AAEB3E0000C9A1F /* Expense.swift in Sources */ = {isa = PBXBuildFile; fileRef = D35325122AAEB3E0000C9A1F /* Expense.swift */; };
		D35325152AAEB54E000C9A1F /* Category.swift in Sources */ = {isa = PBXBuildFile; fileRef = D35325142AAEB54E000C9A1F /* Category.swift */; };
		D35325172AAEB8A1000C9A1F /* TransactionView.swift in Sources */ = {isa = PBXBuildFile; fileRef = D35325162AAEB8A1000C9A1F /* TransactionView.swift */; };
		D35325192AAEB8B2000C9A1F /* DashboardView.swift in Sources */ = {isa = PBXBuildFile; fileRef = D35325182AAEB8B2000C9A1F /* DashboardView.swift */; };
		D36E59702AC481B6004E8D9B /* DashboardViewModel.swift in Sources */ = {isa = PBXBuildFile; fileRef = D36E596F2AC481B6004E8D9B /* DashboardViewModel.swift */; };
		D36F83AC2AA44D6400A07F28 /* SignUpView.swift in Sources */ = {isa = PBXBuildFile; fileRef = D36F83AB2AA44D6400A07F28 /* SignUpView.swift */; };
		D36F83B32AA4CBE500A07F28 /* User.swift in Sources */ = {isa = PBXBuildFile; fileRef = D36F83B22AA4CBE500A07F28 /* User.swift */; };
		D39864A32AB5699D0063F450 /* CategoryViewModel.swift in Sources */ = {isa = PBXBuildFile; fileRef = D39864A22AB5699D0063F450 /* CategoryViewModel.swift */; };
		D3B15DBE2AC52532006B08F3 /* LunchScreeen.swift in Sources */ = {isa = PBXBuildFile; fileRef = D3B15DBD2AC52532006B08F3 /* LunchScreeen.swift */; };
		D3B15DC02AC52FA4006B08F3 /* CategoryWithTotalExpense.swift in Sources */ = {isa = PBXBuildFile; fileRef = D3B15DBF2AC52FA4006B08F3 /* CategoryWithTotalExpense.swift */; };
		D3B15DC52AC54D40006B08F3 /* DashboardTabView.swift in Sources */ = {isa = PBXBuildFile; fileRef = D3B15DC42AC54D40006B08F3 /* DashboardTabView.swift */; };
		D3B15DD32AC5E65D006B08F3 /* CategoryData.swift in Sources */ = {isa = PBXBuildFile; fileRef = D3B15DD22AC5E65D006B08F3 /* CategoryData.swift */; };
		D3B68F672AAC52C600A8FAD9 /* GoogleService-Info.plist in Resources */ = {isa = PBXBuildFile; fileRef = D3B68F662AAC52C600A8FAD9 /* GoogleService-Info.plist */; };
		D3B68F6A2AAC571200A8FAD9 /* ForgotPasswordView.swift in Sources */ = {isa = PBXBuildFile; fileRef = D3B68F692AAC571200A8FAD9 /* ForgotPasswordView.swift */; };
		D3CAEDA02AA2ECA3007FFCC5 /* BugetExpenseApp.swift in Sources */ = {isa = PBXBuildFile; fileRef = D3CAED9F2AA2ECA3007FFCC5 /* BugetExpenseApp.swift */; };
		D3CAEDA22AA2ECA3007FFCC5 /* ContentView.swift in Sources */ = {isa = PBXBuildFile; fileRef = D3CAEDA12AA2ECA3007FFCC5 /* ContentView.swift */; };
		D3CAEDA42AA2ECA4007FFCC5 /* Assets.xcassets in Resources */ = {isa = PBXBuildFile; fileRef = D3CAEDA32AA2ECA4007FFCC5 /* Assets.xcassets */; };
		D3CAEDA72AA2ECA4007FFCC5 /* Preview Assets.xcassets in Resources */ = {isa = PBXBuildFile; fileRef = D3CAEDA62AA2ECA4007FFCC5 /* Preview Assets.xcassets */; };
		D3CAEDB12AA35D89007FFCC5 /* SignInView.swift in Sources */ = {isa = PBXBuildFile; fileRef = D3CAEDB02AA35D89007FFCC5 /* SignInView.swift */; };
		D3CAEDB32AA36157007FFCC5 /* LoginViewModel.swift in Sources */ = {isa = PBXBuildFile; fileRef = D3CAEDB22AA36157007FFCC5 /* LoginViewModel.swift */; };
/* End PBXBuildFile section */

/* Begin PBXFileReference section */
		D30D49702AB41E4300900B26 /* MainView.swift */ = {isa = PBXFileReference; lastKnownFileType = sourcecode.swift; path = MainView.swift; sourceTree = "<group>"; };
		D30D49722AB41EB000900B26 /* CategoriesView.swift */ = {isa = PBXFileReference; lastKnownFileType = sourcecode.swift; path = CategoriesView.swift; sourceTree = "<group>"; };
		D319054B2AA8C7D600953FCC /* ProfileView.swift */ = {isa = PBXFileReference; lastKnownFileType = sourcecode.swift; path = ProfileView.swift; sourceTree = "<group>"; };
		D3333B1D2ABFEED100187485 /* ExpenseView.swift */ = {isa = PBXFileReference; lastKnownFileType = sourcecode.swift; path = ExpenseView.swift; sourceTree = "<group>"; };
		D3333B1F2ABFEEE700187485 /* expsense.swift */ = {isa = PBXFileReference; lastKnownFileType = sourcecode.swift; path = expsense.swift; sourceTree = "<group>"; };
		D3333B232AC0378000187485 /* ExpenseData.swift */ = {isa = PBXFileReference; lastKnownFileType = sourcecode.swift; path = ExpenseData.swift; sourceTree = "<group>"; };
		D34A3E042ABEA5FA00F4F17B /* UserProfileView.swift */ = {isa = PBXFileReference; lastKnownFileType = sourcecode.swift; path = UserProfileView.swift; sourceTree = "<group>"; };
		D34BE4B22AB6A9E5005592DD /* TransactionViewModel.swift */ = {isa = PBXFileReference; lastKnownFileType = sourcecode.swift; path = TransactionViewModel.swift; sourceTree = "<group>"; };
		D34BE4B82AB6E834005592DD /* alert.swift */ = {isa = PBXFileReference; lastKnownFileType = sourcecode.swift; path = alert.swift; sourceTree = "<group>"; };
		D35325122AAEB3E0000C9A1F /* Expense.swift */ = {isa = PBXFileReference; lastKnownFileType = sourcecode.swift; path = Expense.swift; sourceTree = "<group>"; };
		D35325142AAEB54E000C9A1F /* Category.swift */ = {isa = PBXFileReference; lastKnownFileType = sourcecode.swift; path = Category.swift; sourceTree = "<group>"; };
		D35325162AAEB8A1000C9A1F /* TransactionView.swift */ = {isa = PBXFileReference; lastKnownFileType = sourcecode.swift; path = TransactionView.swift; sourceTree = "<group>"; };
		D35325182AAEB8B2000C9A1F /* DashboardView.swift */ = {isa = PBXFileReference; lastKnownFileType = sourcecode.swift; path = DashboardView.swift; sourceTree = "<group>"; };
		D36E596F2AC481B6004E8D9B /* DashboardViewModel.swift */ = {isa = PBXFileReference; lastKnownFileType = sourcecode.swift; path = DashboardViewModel.swift; sourceTree = "<group>"; };
		D36F83AB2AA44D6400A07F28 /* SignUpView.swift */ = {isa = PBXFileReference; lastKnownFileType = sourcecode.swift; path = SignUpView.swift; sourceTree = "<group>"; };
		D36F83B22AA4CBE500A07F28 /* User.swift */ = {isa = PBXFileReference; lastKnownFileType = sourcecode.swift; path = User.swift; sourceTree = "<group>"; };
		D39864A22AB5699D0063F450 /* CategoryViewModel.swift */ = {isa = PBXFileReference; lastKnownFileType = sourcecode.swift; path = CategoryViewModel.swift; sourceTree = "<group>"; };
		D3B15DBD2AC52532006B08F3 /* LunchScreeen.swift */ = {isa = PBXFileReference; lastKnownFileType = sourcecode.swift; path = LunchScreeen.swift; sourceTree = "<group>"; };
		D3B15DBF2AC52FA4006B08F3 /* CategoryWithTotalExpense.swift */ = {isa = PBXFileReference; lastKnownFileType = sourcecode.swift; path = CategoryWithTotalExpense.swift; sourceTree = "<group>"; };
		D3B15DC42AC54D40006B08F3 /* DashboardTabView.swift */ = {isa = PBXFileReference; lastKnownFileType = sourcecode.swift; path = DashboardTabView.swift; sourceTree = "<group>"; };
		D3B15DD22AC5E65D006B08F3 /* CategoryData.swift */ = {isa = PBXFileReference; fileEncoding = 4; lastKnownFileType = sourcecode.swift; path = CategoryData.swift; sourceTree = "<group>"; };
		D3B68F662AAC52C600A8FAD9 /* GoogleService-Info.plist */ = {isa = PBXFileReference; fileEncoding = 4; lastKnownFileType = text.plist.xml; path = "GoogleService-Info.plist"; sourceTree = "<group>"; };
		D3B68F692AAC571200A8FAD9 /* ForgotPasswordView.swift */ = {isa = PBXFileReference; lastKnownFileType = sourcecode.swift; path = ForgotPasswordView.swift; sourceTree = "<group>"; };
		D3CAED9C2AA2ECA3007FFCC5 /* BugetExpense.app */ = {isa = PBXFileReference; explicitFileType = wrapper.application; includeInIndex = 0; path = BugetExpense.app; sourceTree = BUILT_PRODUCTS_DIR; };
		D3CAED9F2AA2ECA3007FFCC5 /* BugetExpenseApp.swift */ = {isa = PBXFileReference; lastKnownFileType = sourcecode.swift; path = BugetExpenseApp.swift; sourceTree = "<group>"; };
		D3CAEDA12AA2ECA3007FFCC5 /* ContentView.swift */ = {isa = PBXFileReference; lastKnownFileType = sourcecode.swift; path = ContentView.swift; sourceTree = "<group>"; };
		D3CAEDA32AA2ECA4007FFCC5 /* Assets.xcassets */ = {isa = PBXFileReference; lastKnownFileType = folder.assetcatalog; path = Assets.xcassets; sourceTree = "<group>"; };
		D3CAEDA62AA2ECA4007FFCC5 /* Preview Assets.xcassets */ = {isa = PBXFileReference; lastKnownFileType = folder.assetcatalog; path = "Preview Assets.xcassets"; sourceTree = "<group>"; };
		D3CAEDB02AA35D89007FFCC5 /* SignInView.swift */ = {isa = PBXFileReference; lastKnownFileType = sourcecode.swift; path = SignInView.swift; sourceTree = "<group>"; };
		D3CAEDB22AA36157007FFCC5 /* LoginViewModel.swift */ = {isa = PBXFileReference; lastKnownFileType = sourcecode.swift; path = LoginViewModel.swift; sourceTree = "<group>"; };
/* End PBXFileReference section */

/* Begin PBXFrameworksBuildPhase section */
		D3CAED992AA2ECA3007FFCC5 /* Frameworks */ = {
			isa = PBXFrameworksBuildPhase;
			buildActionMask = 2147483647;
			files = (
				D31905512AA8D41A00953FCC /* FirebaseAuth in Frameworks */,
				D31905572AA8D41A00953FCC /* FirebaseStorage in Frameworks */,
				D31905532AA8D41A00953FCC /* FirebaseFirestore in Frameworks */,
				D31905552AA8D41A00953FCC /* FirebaseFirestoreSwift in Frameworks */,
			);
			runOnlyForDeploymentPostprocessing = 0;
		};
/* End PBXFrameworksBuildPhase section */

/* Begin PBXGroup section */
		D34A3E032ABEA21400F4F17B /* Expenses */ = {
			isa = PBXGroup;
			children = (
				D35325162AAEB8A1000C9A1F /* TransactionView.swift */,
				D3333B1D2ABFEED100187485 /* ExpenseView.swift */,
				D30D49722AB41EB000900B26 /* CategoriesView.swift */,
			);
			path = Expenses;
			sourceTree = "<group>";
		};
		D3B15DC32AC54D31006B08F3 /* Dashboard */ = {
			isa = PBXGroup;
			children = (
				D3B15DC42AC54D40006B08F3 /* DashboardTabView.swift */,
				D35325182AAEB8B2000C9A1F /* DashboardView.swift */,
			);
			path = Dashboard;
			sourceTree = "<group>";
		};
		D3B68F682AAC56D900A8FAD9 /* Auth */ = {
			isa = PBXGroup;
			children = (
				D3CAEDB02AA35D89007FFCC5 /* SignInView.swift */,
				D36F83AB2AA44D6400A07F28 /* SignUpView.swift */,
				D3B68F692AAC571200A8FAD9 /* ForgotPasswordView.swift */,
			);
			path = Auth;
			sourceTree = "<group>";
		};
		D3CAED932AA2ECA3007FFCC5 = {
			isa = PBXGroup;
			children = (
				D3CAED9E2AA2ECA3007FFCC5 /* BugetExpense */,
				D3CAED9D2AA2ECA3007FFCC5 /* Products */,
			);
			sourceTree = "<group>";
		};
		D3CAED9D2AA2ECA3007FFCC5 /* Products */ = {
			isa = PBXGroup;
			children = (
				D3CAED9C2AA2ECA3007FFCC5 /* BugetExpense.app */,
			);
			name = Products;
			sourceTree = "<group>";
		};
		D3CAED9E2AA2ECA3007FFCC5 /* BugetExpense */ = {
			isa = PBXGroup;
			children = (
				D3CAEDAD2AA2ED9E007FFCC5 /* View */,
				D3CAEDAF2AA2EDAE007FFCC5 /* ViewModel */,
				D3CAEDAE2AA2EDA6007FFCC5 /* Model */,
				D3CAED9F2AA2ECA3007FFCC5 /* BugetExpenseApp.swift */,
				D3CAEDA12AA2ECA3007FFCC5 /* ContentView.swift */,
				D3CAEDA32AA2ECA4007FFCC5 /* Assets.xcassets */,
				D3B68F662AAC52C600A8FAD9 /* GoogleService-Info.plist */,
				D3CAEDA52AA2ECA4007FFCC5 /* Preview Content */,
			);
			path = BugetExpense;
			sourceTree = "<group>";
		};
		D3CAEDA52AA2ECA4007FFCC5 /* Preview Content */ = {
			isa = PBXGroup;
			children = (
				D3CAEDA62AA2ECA4007FFCC5 /* Preview Assets.xcassets */,
			);
			path = "Preview Content";
			sourceTree = "<group>";
		};
		D3CAEDAD2AA2ED9E007FFCC5 /* View */ = {
			isa = PBXGroup;
			children = (
				D3B15DC32AC54D31006B08F3 /* Dashboard */,
				D34A3E032ABEA21400F4F17B /* Expenses */,
				D3B68F682AAC56D900A8FAD9 /* Auth */,
				D30D49702AB41E4300900B26 /* MainView.swift */,
				D319054B2AA8C7D600953FCC /* ProfileView.swift */,
				D34A3E042ABEA5FA00F4F17B /* UserProfileView.swift */,
				D3B15DBD2AC52532006B08F3 /* LunchScreeen.swift */,
			);
			path = View;
			sourceTree = "<group>";
		};
		D3CAEDAE2AA2EDA6007FFCC5 /* Model */ = {
			isa = PBXGroup;
			children = (
				D34BE4B82AB6E834005592DD /* alert.swift */,
				D35325142AAEB54E000C9A1F /* Category.swift */,
				D3B15DD22AC5E65D006B08F3 /* CategoryData.swift */,
				D35325122AAEB3E0000C9A1F /* Expense.swift */,
				D36F83B22AA4CBE500A07F28 /* User.swift */,
				D3333B232AC0378000187485 /* ExpenseData.swift */,
				D3B15DBF2AC52FA4006B08F3 /* CategoryWithTotalExpense.swift */,
			);
			path = Model;
			sourceTree = "<group>";
		};
		D3CAEDAF2AA2EDAE007FFCC5 /* ViewModel */ = {
			isa = PBXGroup;
			children = (
				D3CAEDB22AA36157007FFCC5 /* LoginViewModel.swift */,
				D39864A22AB5699D0063F450 /* CategoryViewModel.swift */,
				D34BE4B22AB6A9E5005592DD /* TransactionViewModel.swift */,
				D3333B1F2ABFEEE700187485 /* expsense.swift */,
				D36E596F2AC481B6004E8D9B /* DashboardViewModel.swift */,
			);
			path = ViewModel;
			sourceTree = "<group>";
		};
/* End PBXGroup section */

/* Begin PBXNativeTarget section */
		D3CAED9B2AA2ECA3007FFCC5 /* BugetExpense */ = {
			isa = PBXNativeTarget;
			buildConfigurationList = D3CAEDAA2AA2ECA4007FFCC5 /* Build configuration list for PBXNativeTarget "BugetExpense" */;
			buildPhases = (
				D3CAED982AA2ECA3007FFCC5 /* Sources */,
				D3CAED992AA2ECA3007FFCC5 /* Frameworks */,
				D3CAED9A2AA2ECA3007FFCC5 /* Resources */,
			);
			buildRules = (
			);
			dependencies = (
			);
			name = BugetExpense;
			packageProductDependencies = (
				D31905502AA8D41A00953FCC /* FirebaseAuth */,
				D31905522AA8D41A00953FCC /* FirebaseFirestore */,
				D31905542AA8D41A00953FCC /* FirebaseFirestoreSwift */,
				D31905562AA8D41A00953FCC /* FirebaseStorage */,
			);
			productName = BugetExpense;
			productReference = D3CAED9C2AA2ECA3007FFCC5 /* BugetExpense.app */;
			productType = "com.apple.product-type.application";
		};
/* End PBXNativeTarget section */

/* Begin PBXProject section */
		D3CAED942AA2ECA3007FFCC5 /* Project object */ = {
			isa = PBXProject;
			attributes = {
				BuildIndependentTargetsInParallel = 1;
				LastSwiftUpdateCheck = 1410;
				LastUpgradeCheck = 1410;
				TargetAttributes = {
					D3CAED9B2AA2ECA3007FFCC5 = {
						CreatedOnToolsVersion = 14.1;
					};
				};
			};
			buildConfigurationList = D3CAED972AA2ECA3007FFCC5 /* Build configuration list for PBXProject "BugetExpense" */;
			compatibilityVersion = "Xcode 14.0";
			developmentRegion = en;
			hasScannedForEncodings = 0;
			knownRegions = (
				en,
				Base,
			);
			mainGroup = D3CAED932AA2ECA3007FFCC5;
			packageReferences = (
				D319054F2AA8D41A00953FCC /* XCRemoteSwiftPackageReference "firebase-ios-sdk" */,
			);
			productRefGroup = D3CAED9D2AA2ECA3007FFCC5 /* Products */;
			projectDirPath = "";
			projectRoot = "";
			targets = (
				D3CAED9B2AA2ECA3007FFCC5 /* BugetExpense */,
			);
		};
/* End PBXProject section */

/* Begin PBXResourcesBuildPhase section */
		D3CAED9A2AA2ECA3007FFCC5 /* Resources */ = {
			isa = PBXResourcesBuildPhase;
			buildActionMask = 2147483647;
			files = (
				D3CAEDA72AA2ECA4007FFCC5 /* Preview Assets.xcassets in Resources */,
				D3CAEDA42AA2ECA4007FFCC5 /* Assets.xcassets in Resources */,
				D3B68F672AAC52C600A8FAD9 /* GoogleService-Info.plist in Resources */,
			);
			runOnlyForDeploymentPostprocessing = 0;
		};
/* End PBXResourcesBuildPhase section */

/* Begin PBXSourcesBuildPhase section */
		D3CAED982AA2ECA3007FFCC5 /* Sources */ = {
			isa = PBXSourcesBuildPhase;
			buildActionMask = 2147483647;
			files = (
				D3B15DC02AC52FA4006B08F3 /* CategoryWithTotalExpense.swift in Sources */,
				D3B15DD32AC5E65D006B08F3 /* CategoryData.swift in Sources */,
				D3CAEDB32AA36157007FFCC5 /* LoginViewModel.swift in Sources */,
				D3B15DBE2AC52532006B08F3 /* LunchScreeen.swift in Sources */,
				D34A3E052ABEA5FA00F4F17B /* UserProfileView.swift in Sources */,
				D319054C2AA8C7D600953FCC /* ProfileView.swift in Sources */,
				D3333B1E2ABFEED100187485 /* ExpenseView.swift in Sources */,
				D34BE4B92AB6E834005592DD /* alert.swift in Sources */,
				D36F83AC2AA44D6400A07F28 /* SignUpView.swift in Sources */,
				D35325132AAEB3E0000C9A1F /* Expense.swift in Sources */,
				D3333B242AC0378000187485 /* ExpenseData.swift in Sources */,
				D36E59702AC481B6004E8D9B /* DashboardViewModel.swift in Sources */,
				D3333B202ABFEEE700187485 /* expsense.swift in Sources */,
				D3B15DC52AC54D40006B08F3 /* DashboardTabView.swift in Sources */,
				D35325192AAEB8B2000C9A1F /* DashboardView.swift in Sources */,
				D30D49732AB41EB000900B26 /* CategoriesView.swift in Sources */,
				D35325172AAEB8A1000C9A1F /* TransactionView.swift in Sources */,
				D3CAEDB12AA35D89007FFCC5 /* SignInView.swift in Sources */,
				D39864A32AB5699D0063F450 /* CategoryViewModel.swift in Sources */,
				D30D49712AB41E4300900B26 /* MainView.swift in Sources */,
				D3CAEDA22AA2ECA3007FFCC5 /* ContentView.swift in Sources */,
				D36F83B32AA4CBE500A07F28 /* User.swift in Sources */,
				D3B68F6A2AAC571200A8FAD9 /* ForgotPasswordView.swift in Sources */,
				D3CAEDA02AA2ECA3007FFCC5 /* BugetExpenseApp.swift in Sources */,
				D35325152AAEB54E000C9A1F /* Category.swift in Sources */,
				D34BE4B32AB6A9E5005592DD /* TransactionViewModel.swift in Sources */,
			);
			runOnlyForDeploymentPostprocessing = 0;
		};
/* End PBXSourcesBuildPhase section */

/* Begin XCBuildConfiguration section */
		D3CAEDA82AA2ECA4007FFCC5 /* Debug */ = {
			isa = XCBuildConfiguration;
			buildSettings = {
				ALWAYS_SEARCH_USER_PATHS = NO;
				CLANG_ANALYZER_NONNULL = YES;
				CLANG_ANALYZER_NUMBER_OBJECT_CONVERSION = YES_AGGRESSIVE;
				CLANG_ANALYZER_SECURITY_KEYCHAIN_API = YES;
				CLANG_CXX_LANGUAGE_STANDARD = "gnu++20";
				CLANG_ENABLE_MODULES = YES;
				CLANG_ENABLE_OBJC_ARC = YES;
				CLANG_ENABLE_OBJC_WEAK = YES;
				CLANG_WARN_BLOCK_CAPTURE_AUTORELEASING = YES;
				CLANG_WARN_BOOL_CONVERSION = YES;
				CLANG_WARN_COMMA = YES;
				CLANG_WARN_CONSTANT_CONVERSION = YES;
				CLANG_WARN_DEPRECATED_OBJC_IMPLEMENTATIONS = YES;
				CLANG_WARN_DIRECT_OBJC_ISA_USAGE = YES_ERROR;
				CLANG_WARN_DOCUMENTATION_COMMENTS = YES;
				CLANG_WARN_EMPTY_BODY = YES;
				CLANG_WARN_ENUM_CONVERSION = YES;
				CLANG_WARN_INFINITE_RECURSION = YES;
				CLANG_WARN_INT_CONVERSION = YES;
				CLANG_WARN_NON_LITERAL_NULL_CONVERSION = YES;
				CLANG_WARN_OBJC_IMPLICIT_RETAIN_SELF = YES;
				CLANG_WARN_OBJC_LITERAL_CONVERSION = YES;
				CLANG_WARN_OBJC_ROOT_CLASS = YES_ERROR;
				CLANG_WARN_QUOTED_INCLUDE_IN_FRAMEWORK_HEADER = YES;
				CLANG_WARN_RANGE_LOOP_ANALYSIS = YES;
				CLANG_WARN_STRICT_PROTOTYPES = YES;
				CLANG_WARN_SUSPICIOUS_MOVE = YES;
				CLANG_WARN_UNGUARDED_AVAILABILITY = YES_AGGRESSIVE;
				CLANG_WARN_UNREACHABLE_CODE = YES;
				CLANG_WARN__DUPLICATE_METHOD_MATCH = YES;
				COPY_PHASE_STRIP = NO;
				DEBUG_INFORMATION_FORMAT = dwarf;
				ENABLE_STRICT_OBJC_MSGSEND = YES;
				ENABLE_TESTABILITY = YES;
				GCC_C_LANGUAGE_STANDARD = gnu11;
				GCC_DYNAMIC_NO_PIC = NO;
				GCC_NO_COMMON_BLOCKS = YES;
				GCC_OPTIMIZATION_LEVEL = 0;
				GCC_PREPROCESSOR_DEFINITIONS = (
					"DEBUG=1",
					"$(inherited)",
				);
				GCC_WARN_64_TO_32_BIT_CONVERSION = YES;
				GCC_WARN_ABOUT_RETURN_TYPE = YES_ERROR;
				GCC_WARN_UNDECLARED_SELECTOR = YES;
				GCC_WARN_UNINITIALIZED_AUTOS = YES_AGGRESSIVE;
				GCC_WARN_UNUSED_FUNCTION = YES;
				GCC_WARN_UNUSED_VARIABLE = YES;
				IPHONEOS_DEPLOYMENT_TARGET = 16.1;
				MTL_ENABLE_DEBUG_INFO = INCLUDE_SOURCE;
				MTL_FAST_MATH = YES;
				ONLY_ACTIVE_ARCH = YES;
				SDKROOT = iphoneos;
				SWIFT_ACTIVE_COMPILATION_CONDITIONS = DEBUG;
				SWIFT_OPTIMIZATION_LEVEL = "-Onone";
			};
			name = Debug;
		};
		D3CAEDA92AA2ECA4007FFCC5 /* Release */ = {
			isa = XCBuildConfiguration;
			buildSettings = {
				ALWAYS_SEARCH_USER_PATHS = NO;
				CLANG_ANALYZER_NONNULL = YES;
				CLANG_ANALYZER_NUMBER_OBJECT_CONVERSION = YES_AGGRESSIVE;
				CLANG_ANALYZER_SECURITY_KEYCHAIN_API = YES;
				CLANG_CXX_LANGUAGE_STANDARD = "gnu++20";
				CLANG_ENABLE_MODULES = YES;
				CLANG_ENABLE_OBJC_ARC = YES;
				CLANG_ENABLE_OBJC_WEAK = YES;
				CLANG_WARN_BLOCK_CAPTURE_AUTORELEASING = YES;
				CLANG_WARN_BOOL_CONVERSION = YES;
				CLANG_WARN_COMMA = YES;
				CLANG_WARN_CONSTANT_CONVERSION = YES;
				CLANG_WARN_DEPRECATED_OBJC_IMPLEMENTATIONS = YES;
				CLANG_WARN_DIRECT_OBJC_ISA_USAGE = YES_ERROR;
				CLANG_WARN_DOCUMENTATION_COMMENTS = YES;
				CLANG_WARN_EMPTY_BODY = YES;
				CLANG_WARN_ENUM_CONVERSION = YES;
				CLANG_WARN_INFINITE_RECURSION = YES;
				CLANG_WARN_INT_CONVERSION = YES;
				CLANG_WARN_NON_LITERAL_NULL_CONVERSION = YES;
				CLANG_WARN_OBJC_IMPLICIT_RETAIN_SELF = YES;
				CLANG_WARN_OBJC_LITERAL_CONVERSION = YES;
				CLANG_WARN_OBJC_ROOT_CLASS = YES_ERROR;
				CLANG_WARN_QUOTED_INCLUDE_IN_FRAMEWORK_HEADER = YES;
				CLANG_WARN_RANGE_LOOP_ANALYSIS = YES;
				CLANG_WARN_STRICT_PROTOTYPES = YES;
				CLANG_WARN_SUSPICIOUS_MOVE = YES;
				CLANG_WARN_UNGUARDED_AVAILABILITY = YES_AGGRESSIVE;
				CLANG_WARN_UNREACHABLE_CODE = YES;
				CLANG_WARN__DUPLICATE_METHOD_MATCH = YES;
				COPY_PHASE_STRIP = NO;
				DEBUG_INFORMATION_FORMAT = "dwarf-with-dsym";
				ENABLE_NS_ASSERTIONS = NO;
				ENABLE_STRICT_OBJC_MSGSEND = YES;
				GCC_C_LANGUAGE_STANDARD = gnu11;
				GCC_NO_COMMON_BLOCKS = YES;
				GCC_WARN_64_TO_32_BIT_CONVERSION = YES;
				GCC_WARN_ABOUT_RETURN_TYPE = YES_ERROR;
				GCC_WARN_UNDECLARED_SELECTOR = YES;
				GCC_WARN_UNINITIALIZED_AUTOS = YES_AGGRESSIVE;
				GCC_WARN_UNUSED_FUNCTION = YES;
				GCC_WARN_UNUSED_VARIABLE = YES;
				IPHONEOS_DEPLOYMENT_TARGET = 16.1;
				MTL_ENABLE_DEBUG_INFO = NO;
				MTL_FAST_MATH = YES;
				SDKROOT = iphoneos;
				SWIFT_COMPILATION_MODE = wholemodule;
				SWIFT_OPTIMIZATION_LEVEL = "-O";
				VALIDATE_PRODUCT = YES;
			};
			name = Release;
		};
		D3CAEDAB2AA2ECA4007FFCC5 /* Debug */ = {
			isa = XCBuildConfiguration;
			buildSettings = {
				ASSETCATALOG_COMPILER_APPICON_NAME = AppIcon;
				ASSETCATALOG_COMPILER_GLOBAL_ACCENT_COLOR_NAME = AccentColor;
				CODE_SIGN_STYLE = Automatic;
				CURRENT_PROJECT_VERSION = 1;
				DEVELOPMENT_ASSET_PATHS = "\"BugetExpense/Preview Content\"";
				DEVELOPMENT_TEAM = L7D52YQP4M;
				ENABLE_PREVIEWS = YES;
				GENERATE_INFOPLIST_FILE = YES;
				INFOPLIST_FILE = BugetExpense/Info.plist;
				INFOPLIST_KEY_UIApplicationSceneManifest_Generation = YES;
				INFOPLIST_KEY_UIApplicationSupportsIndirectInputEvents = YES;
				INFOPLIST_KEY_UILaunchScreen_Generation = YES;
				INFOPLIST_KEY_UISupportedInterfaceOrientations = UIInterfaceOrientationPortrait;
				IPHONEOS_DEPLOYMENT_TARGET = 16.0;
				LD_RUNPATH_SEARCH_PATHS = (
					"$(inherited)",
					"@executable_path/Frameworks",
				);
				MARKETING_VERSION = 1.0;
				PRODUCT_BUNDLE_IDENTIFIER = com.kushani.BugetExpense;
				PRODUCT_NAME = "$(TARGET_NAME)";
				SWIFT_EMIT_LOC_STRINGS = YES;
				SWIFT_VERSION = 5.0;
				TARGETED_DEVICE_FAMILY = "1,2";
			};
			name = Debug;
		};
		D3CAEDAC2AA2ECA4007FFCC5 /* Release */ = {
			isa = XCBuildConfiguration;
			buildSettings = {
				ASSETCATALOG_COMPILER_APPICON_NAME = AppIcon;
				ASSETCATALOG_COMPILER_GLOBAL_ACCENT_COLOR_NAME = AccentColor;
				CODE_SIGN_STYLE = Automatic;
				CURRENT_PROJECT_VERSION = 1;
				DEVELOPMENT_ASSET_PATHS = "\"BugetExpense/Preview Content\"";
				DEVELOPMENT_TEAM = L7D52YQP4M;
				ENABLE_PREVIEWS = YES;
				GENERATE_INFOPLIST_FILE = YES;
				INFOPLIST_FILE = BugetExpense/Info.plist;
				INFOPLIST_KEY_UIApplicationSceneManifest_Generation = YES;
				INFOPLIST_KEY_UIApplicationSupportsIndirectInputEvents = YES;
				INFOPLIST_KEY_UILaunchScreen_Generation = YES;
				INFOPLIST_KEY_UISupportedInterfaceOrientations = UIInterfaceOrientationPortrait;
				IPHONEOS_DEPLOYMENT_TARGET = 16.0;
				LD_RUNPATH_SEARCH_PATHS = (
					"$(inherited)",
					"@executable_path/Frameworks",
				);
				MARKETING_VERSION = 1.0;
				PRODUCT_BUNDLE_IDENTIFIER = com.kushani.BugetExpense;
				PRODUCT_NAME = "$(TARGET_NAME)";
				SWIFT_EMIT_LOC_STRINGS = YES;
				SWIFT_VERSION = 5.0;
				TARGETED_DEVICE_FAMILY = "1,2";
			};
			name = Release;
		};
/* End XCBuildConfiguration section */

/* Begin XCConfigurationList section */
		D3CAED972AA2ECA3007FFCC5 /* Build configuration list for PBXProject "BugetExpense" */ = {
			isa = XCConfigurationList;
			buildConfigurations = (
				D3CAEDA82AA2ECA4007FFCC5 /* Debug */,
				D3CAEDA92AA2ECA4007FFCC5 /* Release */,
			);
			defaultConfigurationIsVisible = 0;
			defaultConfigurationName = Release;
		};
		D3CAEDAA2AA2ECA4007FFCC5 /* Build configuration list for PBXNativeTarget "BugetExpense" */ = {
			isa = XCConfigurationList;
			buildConfigurations = (
				D3CAEDAB2AA2ECA4007FFCC5 /* Debug */,
				D3CAEDAC2AA2ECA4007FFCC5 /* Release */,
			);
			defaultConfigurationIsVisible = 0;
			defaultConfigurationName = Release;
		};
/* End XCConfigurationList section */

/* Begin XCRemoteSwiftPackageReference section */
		D319054F2AA8D41A00953FCC /* XCRemoteSwiftPackageReference "firebase-ios-sdk" */ = {
			isa = XCRemoteSwiftPackageReference;
			repositoryURL = "https://github.com/firebase/firebase-ios-sdk";
			requirement = {
				branch = master;
				kind = branch;
			};
		};
/* End XCRemoteSwiftPackageReference section */

/* Begin XCSwiftPackageProductDependency section */
		D31905502AA8D41A00953FCC /* FirebaseAuth */ = {
			isa = XCSwiftPackageProductDependency;
			package = D319054F2AA8D41A00953FCC /* XCRemoteSwiftPackageReference "firebase-ios-sdk" */;
			productName = FirebaseAuth;
		};
		D31905522AA8D41A00953FCC /* FirebaseFirestore */ = {
			isa = XCSwiftPackageProductDependency;
			package = D319054F2AA8D41A00953FCC /* XCRemoteSwiftPackageReference "firebase-ios-sdk" */;
			productName = FirebaseFirestore;
		};
		D31905542AA8D41A00953FCC /* FirebaseFirestoreSwift */ = {
			isa = XCSwiftPackageProductDependency;
			package = D319054F2AA8D41A00953FCC /* XCRemoteSwiftPackageReference "firebase-ios-sdk" */;
			productName = FirebaseFirestoreSwift;
		};
		D31905562AA8D41A00953FCC /* FirebaseStorage */ = {
			isa = XCSwiftPackageProductDependency;
			package = D319054F2AA8D41A00953FCC /* XCRemoteSwiftPackageReference "firebase-ios-sdk" */;
			productName = FirebaseStorage;
		};
/* End XCSwiftPackageProductDependency section */
	};
	rootObject = D3CAED942AA2ECA3007FFCC5 /* Project object */;
}
